
Microsoft Visual Studio Solution File, Format Version 12.00
# Visual Studio Version 17
VisualStudioVersion = 17.14.36623.8
MinimumVisualStudioVersion = 10.0.40219.1
Project("{FAE04EC0-301F-11D3-BF4B-00C04F79EFBC}") = "CinemaApp", "CinemaApp.csproj", "{60C0B81C-74BB-4712-B411-6B600613E04E}"
EndProject
Global
	GlobalSection(SolutionConfigurationPlatforms) = preSolution
		Debug|Any CPU = Debug|Any CPU
		Release|Any CPU = Release|Any CPU
	EndGlobalSection
	GlobalSection(ProjectConfigurationPlatforms) = postSolution
		{60C0B81C-74BB-4712-B411-6B600613E04E}.Debug|Any CPU.ActiveCfg = Debug|Any CPU
		{60C0B81C-74BB-4712-B411-6B600613E04E}.Debug|Any CPU.Build.0 = Debug|Any CPU
		{60C0B81C-74BB-4712-B411-6B600613E04E}.Release|Any CPU.ActiveCfg = Release|Any CPU
		{60C0B81C-74BB-4712-B411-6B600613E04E}.Release|Any CPU.Build.0 = Release|Any CPU
	EndGlobalSection
	GlobalSection(SolutionProperties) = preSolution
		HideSolutionNode = FALSE
	EndGlobalSection
	GlobalSection(ExtensibilityGlobals) = postSolution
		SolutionGuid = {DBCEB4EC-F1EB-4EEE-80D2-D61CC68744E6}
	EndGlobalSection
EndGlobal
